{
  "name": "norie-learning-desktop",
  "version": "0.2.0",
  "lockfileVersion": 3,
  "requires": true,
  "packages": {
    "": {
      "name": "norie-learning-desktop",
      "version": "0.2.0",
      "devDependencies": {
        "@electron/packager": "20.3.0",
        "electron": "44.5.1",
        "playwright": "1.63.0"
      }
    },
    "node_modules/@e…9049 tokens truncated…ame: /Choose practice mode/ }).click();
    await page.getByRole('button', { name: /Multiple Choice Choose/ }).click();
    for (let item = 0; item < 20; item++) {
      await answerClick(page.getByRole('group', { name: 'Choose the best answer.', exact: true })
        .getByRole('button').first());
      await answerClick(page.getByRole('button', { name: 'Check answer', exact: true }));
      await answerClick(page.getByRole('button', {
        name: item === 19 ? 'Continue to challenge' : 'Next randomized item', exact: true,
      }));
      if ((item + 1) % 5 === 0) console.log(`Answered ${item + 1}/20 offline quiz items`);
    }
    // Wait for Flutter's route transition before selecting the first challenge
    // answer; the outgoing quiz still exposes its Back button during animation.
    await page.getByRole('button', { name: 'Next round', exact: true }).waitFor();
    await page.getByRole('button', { name: 'Back', exact: true }).waitFor({ state: 'hidden' });
    for (let round = 0; round < 3; round++) {
      await page.getByText(`ROUND ${round + 1} OF 3`, { exact: true }).waitFor();
      await page.getByRole('button').first().click();
      await page.getByRole('button', { name: round === 2 ? 'View results' : 'Next round', exact: true }).click();
    }
    await page.waitForFunction(() => Number(localStorage.getItem('flutter.norie.totalXp')) > 0);
    const xp = await page.evaluate(() => JSON.parse(localStorage.getItem('flutter.norie.totalXp')));
    assert.ok(xp > 0);
    const assets = await page.evaluate(async () => Promise.all(
      ['overview-skeleton.glb', 'anatomy-organs.glb'].map(async name => {
        const response = await fetch(`assets/assets/anatomy/${name}`);
        return { name, status: response.status, bytes: (await response.arrayBuffer()).byteLength };
      }),
    ));
    for (const asset of assets) {
      assert.equal(asset.status, 200);
      assert.ok(asset.bytes > 300000);
    }
    console.log('PASS: lesson, 20 quiz answers, 3 challenge rounds and both bundled anatomy models');
    await application.close();
    application = await launch();
    await application.context().setOffline(true);
    application.context().setDefaultTimeout(30000);
    page = await application.firstWindow();
    page.on('pageerror', error => errors.push(error.message));
    await enableAccessibility();
    await page.getByRole('button', { name: 'Progress Progress', exact: true }).click();
    assert.equal(await page.evaluate(() => JSON.parse(localStorage.getItem('flutter.norie.totalXp'))), xp);
    console.log(`PASS: ${xp} XP persisted after closing and reopening offline`);
    await page.screenshot({ path: path.resolve(__dirname, '../../build/windows-offline-progress.png') });
    assert.deepEqual(errors, []);
  } catch (error) {
    if (page) {
      console.error(await page.locator('body').innerText());
      await page.screenshot({ path: path.resolve(__dirname, '../../build/windows-offline-failure.png'), timeout: 5000 })
        .catch(screenshotError => console.error('Failure screenshot:', screenshotError.message));
    }
    throw error;
  } finally {
    await application.close();
    // Retain the isolated temporary profile if investigation is needed.
  }
}

main().catch(error => { console.error(error); process.exitCode = 1; });
